// !$*UTF8*$!
{
	archiveVersion = 1;
	classes = {
	};
	objectVersion = 46;
	objects = {

/* Begin PBXBuildFile section */
		A5046D871D0115230046B511 /* AFHTTPSessionManager.m in Sources */ = {isa = PBXBuildFile; fileRef = A5046D7B1D0115220046B511 /* AFHTTPSessionManager.m */; };
		A5046D881D0115230046B511 /* AFNetworkReachabilityManager.m in Sources */ = {isa = PBXBuildFile; fileRef = A5046D7E1D0115220046B511 /* AFNetworkReachabilityManager.m */; };
		A5046D891D0115230046B511 /* AFSecurityPolicy.m in Sources */ = {isa = PBXBuildFile; fileRef = A5046D801D0115220046B511 /* AFSecurityPolicy.m */; };
		A5046D8A1D0115230046B511 /* AFURLRequestSerialization.m in Sources */ = {isa = PBXBuildFile; fileRef = A5046D821D0115230046B511 /* AFURLRequestSerialization.m */; };
		A5046D8B1D0115230046B511 /* AFURLResponseSerialization.m in Sources */ = {isa = PBXBuildFile; fileRef = A5046D841D0115230046B511 /* AFURLResponseSerialization.m */; };
		A5046D8C1D0115230046B511 /* AFURLSessionManager.m in Sources */ = {isa = PBXBuildFile; fileRef = A5046D861D0115230046B511 /* AFURLSessionManager.m */; };
		A5046DE61D011D2F0046B511 /* MyRect.swift in Sources */ = {isa = PBXBuildFile; fileRef = A5046DE51D011D2F0046B511 /* MyRect.swift */; };
		A5046DE81D012CCC0046B511 /* Assets.xcassets in Resources */ = {isa = PBXBuildFile; fileRef = A5046DE71D012CCC0046B511 /* Assets.xcassets */; };
		A527006A1CF3E765003D88FB /* CellFrameInfo.swift in Sources */ = {isa = PBXBuildFile; fileRef = A52700691CF3E765003D88FB /* CellFrameInfo.swift */; };
		A592E0DD1CF5FF4A004762A8 /* UserViewController.swift in Sources */ = {isa = PBXBuildFile; fileRef = A592E0DC1CF5FF4A004762A8 /* UserViewController.swift */; };
		A599E43C1CF68C44005CDB8D /* DataBaseService.swift in Sources */ = {isa = PBXBuildFile; fileRef = A599E43B1CF68C44005CDB8D /* DataBaseService.swift */; };
		A599E4401CF68CA6005CDB8D /* MBProgressHUD.m in Sources */ = {isa = PBXBuildFile; fileRef = A599E43F1CF68CA6005CDB8D /* MBProgressHUD.m */; };
		A5A9A0E61CEBF6C4006BB3A1 /* AppDelegate.swift in Sources */ = {isa = PBXBuildFile; fileRef = A5A9A0E51CEBF6C4006BB3A1 /* AppDelegate.swift */; };
		A5A9A0F01CEBF6C4006BB3A1 /* LaunchScreen.storyboard in Resources */ = {isa = PBXBuildFile; fileRef = A5A9A0EE1CEBF6C4006BB3A1 /* LaunchScreen.storyboard */; };
		A5A9A0F81CEBF77F006BB3A1 /* BaseViewController.swift in Sources */ = {isa = PBXBuildFile; fileRef = A5A9A0F71CEBF77F006BB3A1 /* BaseViewController.swift */; };
		A5A9A0FA1CEBF806006BB3A1 /* RootTabBarController.swift in Sources */ = {isa = PBXBuildFile; fileRef = A5A9A0F91CEBF806006BB3A1 /* RootTabBarController.swift */; };
		A5A9A0FC1CEBF862006BB3A1 /* CustomNavController.swift in Sources */ = {isa = PBXBuildFile; fileRef = A5A9A0FB1CEBF862006BB3A1 /* CustomNavController.swift */; };
		A5A9A1001CEBF8B2006BB3A1 /* UnfinishedViewController.swift in Sources */ = {isa = PBXBuildFile; fileRef = A5A9A0FF1CEBF8B2006BB3A1 /* UnfinishedViewController.swift */; };
		A5A9A1021CEBF8BC006BB3A1 /* FinishedViewController.swift in Sources */ = {isa = PBXBuildFile; fileRef = A5A9A1011CEBF8BC006BB3A1 /* FinishedViewController.swift */; };
		A5A9A1121CEC3761006BB3A1 /* ItemModel.swift in Sources */ = {isa = PBXBuildFile; fileRef = A5A9A1111CEC3761006BB3A1 /* ItemModel.swift */; };
		A5A9A1151CEC3795006BB3A1 /* ItemCell.swift in Sources */ = {isa = PBXBuildFile; fileRef = A5A9A1131CEC3795006BB3A1 /* ItemCell.swift */; };
		A5A9A1161CEC3795006BB3A1 /* ItemCell.xib in Resources */ = {isa = PBXBuildFile; fileRef = A5A9A1141CEC3795006BB3A1 /* ItemCell.xib */; };
		A5C5C4BB1CF6870C0078C4CF /* libsqlite3.0.tbd in Frameworks */ = {isa = PBXBuildFile; fileRef = A5C5C4BA1CF6870C0078C4CF /* libsqlite3.0.tbd */; };
		A5C5C4C91CF688360078C4CF /* FMDatabase.m in Sources */ = {isa = PBXBuildFile; fileRef = A5C5C4BE1CF688360078C4CF /* FMDatabase.m */; };
		A5C5C4CA1CF688360078C4CF /* FMDatabaseAdditions.m in Sources */ = {isa = PBXBuildFile; fileRef = A5C5C4C01CF688360078C4CF /* FMDatabaseAdditions.m */; };
		A5C5C4CB1CF688360078C4CF /* FMDatabasePool.m in Sources */ = {isa = PBXBuildFile; fileRef = A5C5C4C21CF688360078C4CF /* FMDatabasePool.m */; };
		A5C5C4CC1CF688360078C4CF /* FMDatabaseQueue.m in Sources */ = {isa = PBXBuildFile; fileRef = A5C5C4C41CF688360078C4CF /* FMDatabaseQueue.m */; };
		A5C5C4CD1CF688360078C4CF /* FMResultSet.m in Sources */ = {isa = PBXBuildFile; fileRef = A5C5C4C71CF688360078C4CF /* FMResultSet.m */; };
		A5C5C4CE1CF688360078C4CF /* Info.plist in Resources */ = {isa = PBXBuildFile; fileRef = A5C5C4C81CF688360078C4CF /* Info.plist */; };
		A5DAA8851CFFCFD9008B8CAC /* StringHelper.swift in Sources */ = {isa = PBXBuildFile; fileRef = A5DAA8841CFFCFD9008B8CAC /* StringHelper.swift */; };
		C336EB3B1D01591900563840 /* EditViewController.swift in Sources */ = {isa = PBXBuildFile; fileRef = C336EB3A1D01591900563840 /* EditViewController.swift */; };
		C336EB3D1D01596000563840 /* EditDetailViewController.swift in Sources */ = {isa = PBXBuildFile; fileRef = C336EB3C1D01596000563840 /* EditDetailViewController.swift */; };
/* End PBXBuildFile section */

/* Begin PBXFileReference section */
		A5046D7A1D0115220046B511 /* AFHTTPSessionManager.h */ = {isa = PBXFileReference; fileEncoding = 4; lastKnownFileType = sourcecode.c.h; path = AFHTTPSessionManager.h; sourceTree = "<group>"; };
		A5046D7B1D0115220046B511 /* AFHTTPSessionManager.m */ = {isa = PBXFileReference; fileEncoding = 4; lastKnownFileType = sourcecode.c.objc; path = AFHTTPSessionManager.m; sourceTree = "<group>"; };
		A5046D7C1D0115220046B511 /* AFNetworking.h */ = {isa = PBXFileReference; fileEncoding = 4; lastKnownFileType = sourcecode.c.h; path = AFNetworking.h; sourceTree = "<group>"; };
		A5046D7D1D0115220046B511 /* AFNetworkReachabilityManager.h */ = {isa = PBXFileReference; fileEncoding = 4; lastKnownFileType = sourcecode.c.h; path = AFNetworkReachabilityManager.h; sourceTree = "<group>"; };
		A5046D7E1D0115220046B511 /* AFNetworkReachabilityManager.m */ = {isa = PBXFileReference; fileEncoding = 4; lastKnownFileType = sourcecode.c.objc; path = AFNetworkReachabilityManager.m; sourceTree = "<group>"; };
		A5046D7F1D0115220046B511 /* AFSecurityPolicy.h */ = {isa = PBXFileReference; fileEncoding = 4; lastKnownFileType = sourcecode.c.h; path = AFSecurityPolicy.h; sourceTree = "<group>"; };
		A5046D801D0115220046B511 /* AFSecurityPolicy.m */ = {isa = PBXFileReference; fileEncoding = 4; lastKnownFileType = sourcecode.c.objc; path = AFSecurityPolicy.m; sourceTree = "<group>"; };
		A5046D811D0115230046B511 /* AFURLRequestSerialization.h */ = {isa = PBXFileReference; fileEncoding = 4; lastKnownFileType = sourcecode.c.h; path = AFURLRequestSerialization.h; sourceTree = "<group>"; };
		A5046D821D0115230046B511 /* AFURLRequestSerialization.m */ = {isa = PBXFileReference; fileEncoding = 4; lastKnownFileType = sourcecode.c.objc; path = AFURLRequestSerialization.m; sourceTree = "<group>"; };
		A5046D831D0115230046B511 /* AFURLResponseSerialization.h */ = {isa = PBXFileReference; fileEncoding = 4; lastKnownFileType = sourcecode.c.h; path = AFURLResponseSerialization.h; sourceTree = "<group>"; };
		A5046D841D0115230046B511 /* AFURLResponseSerialization.m */ = {isa = PBXFileReference; fileEncoding = 4; lastKnownFileType = sourcecode.c.objc; path = AFURLResponseSerialization.m; sourceTree = "<group>"; };
		A5046D851D0115230046B511 /* AFURLSessionManager.h */ = {isa = PBXFileReference; fileEncoding = 4; lastKnownFileType = sourcecode.c.h; path = AFURLSessionManager.h; sourceTree = "<group>"; };
		A5046D861D0115230046B511 /* AFURLSessionManager.m */ = {isa = PBXFileReference; fileEncoding = 4; lastKnownFileType = sourcecode.c.objc; path = AFURLSessionManager.m; sourceTree = "<group>"; };
		A5046DE51D011D2F0046B511 /* MyRect.swift */ = {isa = PBXFileReference; fileEncoding = 4; lastKnownFileType = sourcecode.swift; path = MyRect.swift; sourceTree = "<group>"; };
		A5046DE71D012CCC0046B511 /* Assets.xcassets */ = {isa = PBXFileReference; lastKnownFileType = folder.assetcatalog; path = Assets.xcassets; sourceTree = "<group>"; };
		A52700691CF3E765003D88FB /* CellFrameInfo.swift */ = {isa = PBXFileReference; fileEncoding = 4; lastKnownFileType = sourcecode.swift; path = CellFrameInfo.swift; sourceTree = "<group>"; };
		A548B9A51CF5892B00773A58 /* Memo-Bridging-Header.h */ = {isa = PBXFileReference; lastKnownFileType = sourcecode.c.h; path = "Memo-Bridging-Header.h"; sourceTree = "<group>"; };
		A592E0DC1CF5FF4A004762A8 /* UserViewController.swift */ = {isa = PBXFileReference; fileEncoding = 4; lastKnownFileType = sourcecode.swift; path = UserViewController.swift; sourceTree = "<group>"; };
		A599E43B1CF68C44005CDB8D /* DataBaseService.swift */ = {isa = PBXFileReference; fileEncoding = 4; lastKnownFileType = sourcecode.swift; path = DataBaseService.swift; sourceTree = "<group>"; };
		A599E43E1CF68CA6005CDB8D /* MBProgressHUD.h */ = {isa = PBXFileReference; fileEncoding = 4; lastKnownFileType = sourcecode.c.h; path = MBProgressHUD.h; sourceTree = "<group>"; };
		A599E43F1CF68CA6005CDB8D /* MBProgressHUD.m */ = {isa = PBXFileReference; fileEncoding = 4; lastKnownFileType = sourcecode.c.objc; path = MBProgressHUD.m; sourceTree = "<group>"; };
		A5A9A0E21CEBF6C4006BB3A1 /* Memo.app */ = {isa = PBXFileReference; explicitFileType = wrapper.application; includeInIndex = 0; path = Memo.app; sourceTree = BUILT_PRODUCTS_DIR; };
		A5A9A0E51CEBF6C4006BB3A1 /* AppDelegate.swift */ = {isa = PBXFileReference; lastKnownFileType = sourcecode.swift; path = AppDelegate.swift; sourceTree = "<group>"; };
		A5A9A0EF1CEBF6C4006BB3A1 /* Base */ = {isa = PBXFileReference; lastKnownFileType = file.storyboard; name = Base; path = Base.lproj/LaunchScreen.storyboard; sourceTree = "<group>"; };
		A5A9A0F11CEBF6C4006BB3A1 /* Info.plist */ = {isa = PBXFileReference; lastKnownFileType = text.plist.xml; path = Info.plist; sourceTree = "<group>"; };
		A5A9A0F71CEBF77F006BB3A1 /* BaseViewController.swift */ = {isa = PBXFileReference; fileEncoding = 4; lastKnownFileType = sourcecode.swift; path = BaseViewController.swift; sourceTree = "<group>"; };
		A5A9A0F91CEBF806006BB3A1 /* RootTabBarController.swift */ = {isa = PBXFileReference; fileEncoding = 4; lastKnownFileType = sourcecode.swift; path = RootTabBarController.swift; sourceTree = "<group>"; };
		A5A9A0FB1CEBF862006BB3A1 /* CustomNavController.swift */ = {isa = PBXFileReference; fileEncoding = 4; lastKnownFileType = sourcecode.swift; path = CustomNavController.swift; sourceTree = "<group>"; };
		A5A9A0FF1CEBF8B2006BB3A1 /* UnfinishedViewController.swift */ = {isa = PBXFileReference; fileEncoding = 4; lastKnownFileType = sourcecode.swift; path = UnfinishedViewController.swift; sourceTree = "<group>"; };
		A5A9A1011CEBF8BC006BB3A1 /* FinishedViewController.swift */ = {isa = PBXFileReference; fileEncoding = 4; lastKnownFileType = sourcecode.swift; path = FinishedViewController.swift; sourceTree = "<group>"; };
		A5A9A1111CEC3761006BB3A1 /* ItemModel.swift */ = {isa = PBXFileReference; fileEncoding = 4; lastKnownFileType = sourcecode.swift; path = ItemModel.swift; sourceTree = "<group>"; };
		A5A9A1131CEC3795006BB3A1 /* ItemCell.swift */ = {isa = PBXFileReference; fileEncoding = 4; lastKnownFileType = sourcecode.swift; path = ItemCell.swift; sourceTree = "<group>"; };
		A5A9A1141CEC3795006BB3A1 /* ItemCell.xib */ = {isa = PBXFileReference; fileEncoding = 4; lastKnownFileType = file.xib; path = ItemCell.xib; sourceTree = "<group>"; };
		A5C5C4BA1CF6870C0078C4CF /* libsqlite3.0.tbd */ = {isa = PBXFileReference; lastKnownFileType = "sourcecode.text-based-dylib-definition"; name = libsqlite3.0.tbd; path = usr/lib/libsqlite3.0.tbd; sourceTree = SDKROOT; };
		A5C5C4BD1CF688360078C4CF /* FMDatabase.h */ = {isa = PBXFileReference; fileEncoding = 4; lastKnownFileType = sourcecode.c.h; path = FMDatabase.h; sourceTree = "<group>"; };
		A5C5C4BE1CF688360078C4CF /* FMDatabase.m */ = {isa = PBXFileReference; fileEncoding = 4; lastKnownFileType = sourcecode.c.objc; path = FMDatabase.m; sourceTree = "<group>"; };
		A5C5C4BF1CF688360078C4CF /* FMDatabaseAdditions.h */ = {isa = PBXFileReference; fileEncoding = 4; lastKnownFileType = sourcecode.c.h; path = FMDatabaseAdditions.h; sourceTree = "<group>"; };
		A5C5C4C01CF688360078C4CF /* FMDatabaseAdditions.m */ = {isa = PBXFileReference; fileEncoding = 4; lastKnownFileType = sourcecode.c.objc; path = FMDatabaseAdditions.m; sourceTree = "<group>"; };
		A5C5C4C11CF688360078C4CF /* FMDatabasePool.h */ = {isa = PBXFileReference; fileEncoding = 4; lastKnownFileType = sourcecode.c.h; path = FMDatabasePool.h; sourceTree = "<group>"; };
		A5C5C4C21CF688360078C4CF /* FMDatabasePool.m */ = {isa = PBXFileReference; fileEncoding = 4; lastKnownFileType = sourcecode.c.objc; path = FMDatabasePool.m; sourceTree = "<group>"; };
		A5C5C4C31CF688360078C4CF /* FMDatabaseQueue.h */ = {isa = PBXFileReference; fileEncoding = 4; lastKnownFileType = sourcecode.c.h; path = FMDatabaseQueue.h; sourceTree = "<group>"; };
		A5C5C4C41CF688360078C4CF /* FMDatabaseQueue.m */ = {isa = PBXFileReference; fileEncoding = 4; lastKnownFileType = sourcecode.c.objc; path = FMDatabaseQueue.m; sourceTree = "<group>"; };
		A5C5C4C51CF688360078C4CF /* FMDB.h */ = {isa = PBXFileReference; fileEncoding = 4; lastKnownFileType = sourcecode.c.h; path = FMDB.h; sourceTree = "<group>"; };
		A5C5C4C61CF688360078C4CF /* FMResultSet.h */ = {isa = PBXFileReference; fileEncoding = 4; lastKnownFileType = sourcecode.c.h; path = FMResultSet.h; sourceTree = "<group>"; };
		A5C5C4C71CF688360078C4CF /* FMResultSet.m */ = {isa = PBXFileReference; fileEncoding = 4; lastKnownFileType = sourcecode.c.objc; path = FMResultSet.m; sourceTree = "<group>"; };
		A5C5C4C81CF688360078C4CF /* Info.plist */ = {isa = PBXFileReference; fileEncoding = 4; lastKnownFileType = text.plist.xml; path = Info.plist; sourceTree = "<group>"; };
		A5DAA8841CFFCFD9008B8CAC /* StringHelper.swift */ = {isa = PBXFileReference; fileEncoding = 4; lastKnownFileType = sourcecode.swift; path = StringHelper.swift; sourceTree = "<group>"; };
		C336EB3A1D01591900563840 /* EditViewController.swift */ = {isa = PBXFileReference; fileEncoding = 4; lastKnownFileType = sourcecode.swift; path = EditViewController.swift; sourceTree = "<group>"; };
		C336EB3C1D01596000563840 /* EditDetailViewController.swift */ = {isa = PBXFileReference; fileEncoding = 4; lastKnownFileType = sourcecode.swift; path = EditDetailViewController.swift; sourceTree = "<group>"; };
/* End PBXFileReference section */

/* Begin PBXFrameworksBuildPhase section */
		A5A9A0DF1CEBF6C4006BB3A1 /* Frameworks */ = {
			isa = PBXFrameworksBuildPhase;
			buildActionMask = 2147483647;
			files = (
				A5C5C4BB1CF6870C0078C4CF /* libsqlite3.0.tbd in Frameworks */,
			);
			runOnlyForDeploymentPostprocessing = 0;
		};
/* End PBXFrameworksBuildPhase section */

/* Begin PBXGroup section */
		A5046D791D0115220046B511 /* AFNetworking */ = {
			isa = PBXGroup;
			children = (
				A5046D7A1D0115220046B511 /* AFHTTPSessionManager.h */,
				A5046D7B1D0115220046B511 /* AFHTTPSessionManager.m */,
				A5046D7C1D0115220046B511 /* AFNetworking.h */,
				A5046D7D1D0115220046B511 /* AFNetworkReachabilityManager.h */,
				A5046D7E1D0115220046B511 /* AFNetworkReachabilityManager.m */,
				A5046D7F1D0115220046B511 /* AFSecurityPolicy.h */,
				A5046D801D0115220046B511 /* AFSecurityPolicy.m */,
				A5046D811D0115230046B511 /* AFURLRequestSerialization.h */,
				A5046D821D0115230046B511 /* AFURLRequestSerialization.m */,
				A5046D831D0115230046B511 /* AFURLResponseSerialization.h */,
				A5046D841D0115230046B511 /* AFURLResponseSerialization.m */,
				A5046D851D0115230046B511 /* AFURLSessionManager.h */,
				A5046D861D0115230046B511 /* AFURLSessionManager.m */,
			);
			path = AFNetworking;
			sourceTree = "<group>";
		};
		A599E43D1CF68CA6005CDB8D /* MBProgressHUD */ = {
			isa = PBXGroup;
			children = (
				A599E43E1CF68CA6005CDB8D /* MBProgressHUD.h */,
				A599E43F1CF68CA6005CDB8D /* MBProgressHUD.m */,
			);
			name = MBProgressHUD;
			path = Memo/MBProgressHUD;
			sourceTree = "<group>";
		};
		A5A9A0D91CEBF6C4006BB3A1 = {
			isa = PBXGroup;
			children = (
				A5C5C4CF1CF689670078C4CF /* Frameworks */,
				A5A9A0E41CEBF6C4006BB3A1 /* Memo */,
				A5A9A0E31CEBF6C4006BB3A1 /* Products */,
			);
			sourceTree = "<group>";
		};
		A5A9A0E31CEBF6C4006BB3A1 /* Products */ = {
			isa = PBXGroup;
			children = (
				A5A9A0E21CEBF6C4006BB3A1 /* Memo.app */,
			);
			name = Products;
			sourceTree = "<group>";
		};
		A5A9A0E41CEBF6C4006BB3A1 /* Memo */ = {
			isa = PBXGroup;
			children = (
				C336EB3E1D01598400563840 /* Edit */,
				A5A9A0E51CEBF6C4006BB3A1 /* AppDelegate.swift */,
				A548B9A51CF5892B00773A58 /* Memo-Bridging-Header.h */,
				A599E43B1CF68C44005CDB8D /* DataBaseService.swift */,
				A5DAA8841CFFCFD9008B8CAC /* StringHelper.swift */,
				A5A9A1061CEBF95A006BB3A1 /* Base */,
				A5A9A1041CEBF8E1006BB3A1 /* Unfinished */,
				A5A9A1031CEBF8D8006BB3A1 /* Finished */,
				A5A9A0EE1CEBF6C4006BB3A1 /* LaunchScreen.storyboard */,
				A5A9A0F11CEBF6C4006BB3A1 /* Info.plist */,
			);
			path = Memo;
			sourceTree = "<group>";
		};
		A5A9A1031CEBF8D8006BB3A1 /* Finished */ = {
			isa = PBXGroup;
			children = (
				A5A9A10A1CEBF9B0006BB3A1 /* Controller */,
				A5A9A10B1CEBF9B7006BB3A1 /* View */,
				A5046DE71D012CCC0046B511 /* Assets.xcassets */,
			);
			name = Finished;
			sourceTree = "<group>";
		};
		A5A9A1041CEBF8E1006BB3A1 /* Unfinished */ = {
			isa = PBXGroup;
			children = (
				A5A9A1051CEBF94E006BB3A1 /* Controller */,
				A5A9A1091CEBF99B006BB3A1 /* View */,
			);
			name = Unfinished;
			sourceTree = "<group>";
		};
		A5A9A1051CEBF94E006BB3A1 /* Controller */ = {
			isa = PBXGroup;
			children = (
				A5A9A0FF1CEBF8B2006BB3A1 /* UnfinishedViewController.swift */,
			);
			name = Controller;
			sourceTree = "<group>";
		};
		A5A9A1061CEBF95A006BB3A1 /* Base */ = {
			isa = PBXGroup;
			children = (
				A5A9A1071CEBF97D006BB3A1 /* Controller */,
				A5A9A1081CEBF98E006BB3A1 /* View */,
				A5A9A1101CEC3702006BB3A1 /* Model */,
			);
			name = Base;
			sourceTree = "<group>";
		};
		A5A9A1071CEBF97D006BB3A1 /* Controller */ = {
			isa = PBXGroup;
			children = (
				A5A9A0FB1CEBF862006BB3A1 /* CustomNavController.swift */,
				A5A9A0F91CEBF806006BB3A1 /* RootTabBarController.swift */,
				A5A9A0F71CEBF77F006BB3A1 /* BaseViewController.swift */,
				A592E0DC1CF5FF4A004762A8 /* UserViewController.swift */,
			);
			name = Controller;
			sourceTree = "<group>";
		};
		A5A9A1081CEBF98E006BB3A1 /* View */ = {
			isa = PBXGroup;
			children = (
				A5046DE51D011D2F0046B511 /* MyRect.swift */,
				A5A9A1131CEC3795006BB3A1 /* ItemCell.swift */,
				A5A9A1141CEC3795006BB3A1 /* ItemCell.xib */,
			);
			name = View;
			sourceTree = "<group>";
		};
		A5A9A1091CEBF99B006BB3A1 /* View */ = {
			isa = PBXGroup;
			children = (
			);
			name = View;
			sourceTree = "<group>";
		};
		A5A9A10A1CEBF9B0006BB3A1 /* Controller */ = {
			isa = PBXGroup;
			children = (
				A5A9A1011CEBF8BC006BB3A1 /* FinishedViewController.swift */,
			);
			name = Controller;
			sourceTree = "<group>";
		};
		A5A9A10B1CEBF9B7006BB3A1 /* View */ = {
			isa = PBXGroup;
			children = (
			);
			name = View;
			sourceTree = "<group>";
		};
		A5A9A1101CEC3702006BB3A1 /* Model */ = {
			isa = PBXGroup;
			children = (
				A5A9A1111CEC3761006BB3A1 /* ItemModel.swift */,
				A52700691CF3E765003D88FB /* CellFrameInfo.swift */,
			);
			name = Model;
			sourceTree = "<group>";
		};
		A5C5C4BC1CF688360078C4CF /* FMDataBase */ = {
			isa = PBXGroup;
			children = (
				A5C5C4BD1CF688360078C4CF /* FMDatabase.h */,
				A5C5C4BE1CF688360078C4CF /* FMDatabase.m */,
				A5C5C4BF1CF688360078C4CF /* FMDatabaseAdditions.h */,
				A5C5C4C01CF688360078C4CF /* FMDatabaseAdditions.m */,
				A5C5C4C11CF688360078C4CF /* FMDatabasePool.h */,
				A5C5C4C21CF688360078C4CF /* FMDatabasePool.m */,
				A5C5C4C31CF688360078C4CF /* FMDatabaseQueue.h */,
				A5C5C4C41CF688360078C4CF /* FMDatabaseQueue.m */,
				A5C5C4C51CF688360078C4CF /* FMDB.h */,
				A5C5C4C61CF688360078C4CF /* FMResultSet.h */,
				A5C5C4C71CF688360078C4CF /* FMResultSet.m */,
				A5C5C4C81CF688360078C4CF /* Info.plist */,
			);
			name = FMDataBase;
			path = Memo/FMDataBase;
			sourceTree = "<group>";
		};
		A5C5C4CF1CF689670078C4CF /* Frameworks */ = {
			isa = PBXGroup;
			children = (
				A5C5C4BA1CF6870C0078C4CF /* libsqlite3.0.tbd */,
				A5046D791D0115220046B511 /* AFNetworking */,
				A5C5C4BC1CF688360078C4CF /* FMDataBase */,
				A599E43D1CF68CA6005CDB8D /* MBProgressHUD */,
			);
			name = Frameworks;
			sourceTree = "<group>";
		};
		C336EB3E1D01598400563840 /* Edit */ = {
			isa = PBXGroup;
			children = (
				C336EB3A1D01591900563840 /* EditViewController.swift */,
				C336EB3C1D01596000563840 /* EditDetailViewController.swift */,
			);
			name = Edit;
			sourceTree = "<group>";
		};
/* End PBXGroup section */

/* Begin PBXNativeTarget section */
		A5A9A0E11CEBF6C4006BB3A1 /* Memo */ = {
			isa = PBXNativeTarget;
			buildConfigurationList = A5A9A0F41CEBF6C4006BB3A1 /* Build configuration list for PBXNativeTarget "Memo" */;
			buildPhases = (
				A5A9A0DE1CEBF6C4006BB3A1 /* Sources */,
				A5A9A0DF1CEBF6C4006BB3A1 /* Frameworks */,
				A5A9A0E01CEBF6C4006BB3A1 /* Resources */,
			);
			buildRules = (
			);
			dependencies = (
			);
			name = Memo;
			productName = Memo;
			productReference = A5A9A0E21CEBF6C4006BB3A1 /* Memo.app */;
			productType = "com.apple.product-type.application";
		};
/* End PBXNativeTarget section */

/* Begin PBXProject section */
		A5A9A0DA1CEBF6C4006BB3A1 /* Project object */ = {
			isa = PBXProject;
			attributes = {
				LastSwiftUpdateCheck = 0720;
				LastUpgradeCheck = 0720;
				ORGANIZATIONNAME = hui;
				TargetAttributes = {
					A5A9A0E11CEBF6C4006BB3A1 = {
						CreatedOnToolsVersion = 7.2.1;
					};
				};
			};
			buildConfigurationList = A5A9A0DD1CEBF6C4006BB3A1 /* Build configuration list for PBXProject "Memo" */;
			compatibilityVersion = "Xcode 3.2";
			developmentRegion = English;
			hasScannedForEncodings = 0;
			knownRegions = (
				en,
				Base,
			);
			mainGroup = A5A9A0D91CEBF6C4006BB3A1;
			productRefGroup = A5A9A0E31CEBF6C4006BB3A1 /* Products */;
			projectDirPath = "";
			projectRoot = "";
			targets = (
				A5A9A0E11CEBF6C4006BB3A1 /* Memo */,
			);
		};
/* End PBXProject section */

/* Begin PBXResourcesBuildPhase section */
		A5A9A0E01CEBF6C4006BB3A1 /* Resources */ = {
			isa = PBXResourcesBuildPhase;
			buildActionMask = 2147483647;
			files = (
				A5C5C4CE1CF688360078C4CF /* Info.plist in Resources */,
				A5A9A0F01CEBF6C4006BB3A1 /* LaunchScreen.storyboard in Resources */,
				A5046DE81D012CCC0046B511 /* Assets.xcassets in Resources */,
				A5A9A1161CEC3795006BB3A1 /* ItemCell.xib in Resources */,
			);
			runOnlyForDeploymentPostprocessing = 0;
		};
/* End PBXResourcesBuildPhase section */

/* Begin PBXSourcesBuildPhase section */
		A5A9A0DE1CEBF6C4006BB3A1 /* Sources */ = {
			isa = PBXSourcesBuildPhase;
			buildActionMask = 2147483647;
			files = (
				C336EB3B1D01591900563840 /* EditViewController.swift in Sources */,
				A5A9A1151CEC3795006BB3A1 /* ItemCell.swift in Sources */,
				A5046D871D0115230046B511 /* AFHTTPSessionManager.m in Sources */,
				A5046D881D0115230046B511 /* AFNetworkReachabilityManager.m in Sources */,
				A5A9A1021CEBF8BC006BB3A1 /* FinishedViewController.swift in Sources */,
				A5A9A0E61CEBF6C4006BB3A1 /* AppDelegate.swift in Sources */,
				A5C5C4C91CF688360078C4CF /* FMDatabase.m in Sources */,
				A5A9A0F81CEBF77F006BB3A1 /* BaseViewController.swift in Sources */,
				A5046D8A1D0115230046B511 /* AFURLRequestSerialization.m in Sources */,
				C336EB3D1D01596000563840 /* EditDetailViewController.swift in Sources */,
				A5046D891D0115230046B511 /* AFSecurityPolicy.m in Sources */,
				A5046D8C1D0115230046B511 /* AFURLSessionManager.m in Sources */,
				A592E0DD1CF5FF4A004762A8 /* UserViewController.swift in Sources */,
				A5C5C4CC1CF688360078C4CF /* FMDatabaseQueue.m in Sources */,
				A5046DE61D011D2F0046B511 /* MyRect.swift in Sources */,
				A599E43C1CF68C44005CDB8D /* DataBaseService.swift in Sources */,
				A5C5C4CD1CF688360078C4CF /* FMResultSet.m in Sources */,
				A5A9A0FC1CEBF862006BB3A1 /* CustomNavController.swift in Sources */,
				A527006A1CF3E765003D88FB /* CellFrameInfo.swift in Sources */,
				A5C5C4CA1CF688360078C4CF /* FMDatabaseAdditions.m in Sources */,
				A5DAA8851CFFCFD9008B8CAC /* StringHelper.swift in Sources */,
				A5A9A0FA1CEBF806006BB3A1 /* RootTabBarController.swift in Sources */,
				A5A9A1121CEC3761006BB3A1 /* ItemModel.swift in Sources */,
				A5C5C4CB1CF688360078C4CF /* FMDatabasePool.m in Sources */,
				A5A9A1001CEBF8B2006BB3A1 /* UnfinishedViewController.swift in Sources */,
				A599E4401CF68CA6005CDB8D /* MBProgressHUD.m in Sources */,
				A5046D8B1D0115230046B511 /* AFURLResponseSerialization.m in Sources */,
			);
			runOnlyForDeploymentPostprocessing = 0;
		};
/* End PBXSourcesBuildPhase section */

/* Begin PBXVariantGroup section */
		A5A9A0EE1CEBF6C4006BB3A1 /* LaunchScreen.storyboard */ = {
			isa = PBXVariantGroup;
			children = (
				A5A9A0EF1CEBF6C4006BB3A1 /* Base */,
			);
			name = LaunchScreen.storyboard;
			sourceTree = "<group>";
		};
/* End PBXVariantGroup section */

/* Begin XCBuildConfiguration section */
		A5A9A0F21CEBF6C4006BB3A1 /* Debug */ = {
			isa = XCBuildConfiguration;
			buildSettings = {
				ALWAYS_SEARCH_USER_PATHS = NO;
				CLANG_CXX_LANGUAGE_STANDARD = "gnu++0x";
				CLANG_CXX_LIBRARY = "libc++";
				CLANG_ENABLE_MODULES = YES;
				CLANG_ENABLE_OBJC_ARC = YES;
				CLANG_WARN_BOOL_CONVERSION = YES;
				CLANG_WARN_CONSTANT_CONVERSION = YES;
				CLANG_WARN_DIRECT_OBJC_ISA_USAGE = YES_ERROR;
				CLANG_WARN_EMPTY_BODY = YES;
				CLANG_WARN_ENUM_CONVERSION = YES;
				CLANG_WARN_INT_CONVERSION = YES;
				CLANG_WARN_OBJC_ROOT_CLASS = YES_ERROR;
				CLANG_WARN_UNREACHABLE_CODE = YES;
				CLANG_WARN__DUPLICATE_METHOD_MATCH = YES;
				"CODE_SIGN_IDENTITY[sdk=iphoneos*]" = "iPhone Developer";
				COPY_PHASE_STRIP = NO;
				DEBUG_INFORMATION_FORMAT = dwarf;
				ENABLE_STRICT_OBJC_MSGSEND = YES;
				ENABLE_TESTABILITY = YES;
				GCC_C_LANGUAGE_STANDARD = gnu99;
				GCC_DYNAMIC_NO_PIC = NO;
				GCC_NO_COMMON_BLOCKS = YES;
				GCC_OPTIMIZATION_LEVEL = 0;
				GCC_PREPROCESSOR_DEFINITIONS = (
					"DEBUG=1",
					"$(inherited)",
				);
				GCC_WARN_64_TO_32_BIT_CONVERSION = YES;
				GCC_WARN_ABOUT_RETURN_TYPE = YES_ERROR;
				GCC_WARN_UNDECLARED_SELECTOR = YES;
				GCC_WARN_UNINITIALIZED_AUTOS = YES_AGGRESSIVE;
				GCC_WARN_UNUSED_FUNCTION = YES;
				GCC_WARN_UNUSED_VARIABLE = YES;
				IPHONEOS_DEPLOYMENT_TARGET = 9.2;
				MTL_ENABLE_DEBUG_INFO = YES;
				ONLY_ACTIVE_ARCH = YES;
				SDKROOT = iphoneos;
				SWIFT_OPTIMIZATION_LEVEL = "-Onone";
			};
			name = Debug;
		};
		A5A9A0F31CEBF6C4006BB3A1 /* Release */ = {
			isa = XCBuildConfiguration;
			buildSettings = {
				ALWAYS_SEARCH_USER_PATHS = NO;
				CLANG_CXX_LANGUAGE_STANDARD = "gnu++0x";
				CLANG_CXX_LIBRARY = "libc++";
				CLANG_ENABLE_MODULES = YES;
				CLANG_ENABLE_OBJC_ARC = YES;
				CLANG_WARN_BOOL_CONVERSION = YES;
				CLANG_WARN_CONSTANT_CONVERSION = YES;
				CLANG_WARN_DIRECT_OBJC_ISA_USAGE = YES_ERROR;
				CLANG_WARN_EMPTY_BODY = YES;
				CLANG_WARN_ENUM_CONVERSION = YES;
				CLANG_WARN_INT_CONVERSION = YES;
				CLANG_WARN_OBJC_ROOT_CLASS = YES_ERROR;
				CLANG_WARN_UNREACHABLE_CODE = YES;
				CLANG_WARN__DUPLICATE_METHOD_MATCH = YES;
				"CODE_SIGN_IDENTITY[sdk=iphoneos*]" = "iPhone Developer";
				COPY_PHASE_STRIP = NO;
				DEBUG_INFORMATION_FORMAT = "dwarf-with-dsym";
				ENABLE_NS_ASSERTIONS = NO;
				ENABLE_STRICT_OBJC_MSGSEND = YES;
				GCC_C_LANGUAGE_STANDARD = gnu99;
				GCC_NO_COMMON_BLOCKS = YES;
				GCC_WARN_64_TO_32_BIT_CONVERSION = YES;
				GCC_WARN_ABOUT_RETURN_TYPE = YES_ERROR;
				GCC_WARN_UNDECLARED_SELECTOR = YES;
				GCC_WARN_UNINITIALIZED_AUTOS = YES_AGGRESSIVE;
				GCC_WARN_UNUSED_FUNCTION = YES;
				GCC_WARN_UNUSED_VARIABLE = YES;
				IPHONEOS_DEPLOYMENT_TARGET = 9.2;
				MTL_ENABLE_DEBUG_INFO = NO;
				SDKROOT = iphoneos;
				VALIDATE_PRODUCT = YES;
			};
			name = Release;
		};
		A5A9A0F51CEBF6C4006BB3A1 /* Debug */ = {
			isa = XCBuildConfiguration;
			buildSettings = {
				ASSETCATALOG_COMPILER_APPICON_NAME = AppIcon;
				CLANG_ENABLE_MODULES = YES;
				INFOPLIST_FILE = Memo/Info.plist;
				LD_RUNPATH_SEARCH_PATHS = "$(inherited) @executable_path/Frameworks";
				PRODUCT_BUNDLE_IDENTIFIER = com.hui.Memo;
				PRODUCT_NAME = "$(TARGET_NAME)";
				SWIFT_OBJC_BRIDGING_HEADER = "Memo/Memo-Bridging-Header.h";
				SWIFT_OPTIMIZATION_LEVEL = "-Onone";
			};
			name = Debug;
		};
		A5A9A0F61CEBF6C4006BB3A1 /* Release */ = {
			isa = XCBuildConfiguration;
			buildSettings = {
				ASSETCATALOG_COMPILER_APPICON_NAME = AppIcon;
				CLANG_ENABLE_MODULES = YES;
				INFOPLIST_FILE = Memo/Info.plist;
				LD_RUNPATH_SEARCH_PATHS = "$(inherited) @executable_path/Frameworks";
				PRODUCT_BUNDLE_IDENTIFIER = com.hui.Memo;
				PRODUCT_NAME = "$(TARGET_NAME)";
				SWIFT_OBJC_BRIDGING_HEADER = "Memo/Memo-Bridging-Header.h";
			};
			name = Release;
		};
/* End XCBuildConfiguration section */

/* Begin XCConfigurationList section */
		A5A9A0DD1CEBF6C4006BB3A1 /* Build configuration list for PBXProject "Memo" */ = {
			isa = XCConfigurationList;
			buildConfigurations = (
				A5A9A0F21CEBF6C4006BB3A1 /* Debug */,
				A5A9A0F31CEBF6C4006BB3A1 /* Release */,
			);
			defaultConfigurationIsVisible = 0;
			defaultConfigurationName = Release;
		};
		A5A9A0F41CEBF6C4006BB3A1 /* Build configuration list for PBXNativeTarget "Memo" */ = {
			isa = XCConfigurationList;
			buildConfigurations = (
				A5A9A0F51CEBF6C4006BB3A1 /* Debug */,
				A5A9A0F61CEBF6C4006BB3A1 /* Release */,
			);
			defaultConfigurationIsVisible = 0;
			defaultConfigurationName = Release;
		};
/* End XCConfigurationList section */
	};
	rootObject = A5A9A0DA1CEBF6C4006BB3A1 /* Project object */;
}
